
Microsoft Visual Studio Solution File, Format Version 12.00
# Visual Studio 14
VisualStudioVersion = 14.0.24720.0
MinimumVisualStudioVersion = 10.0.40219.1
Project("{FAE04EC0-301F-11D3-BF4B-00C04F79EFBC}") = "JediTournamentConsole", "JediTournamentConsole\JediTournamentConsole.csproj", "{6967C0FA-E8F9-4B41-8F0D-7E2CD808B4BE}"
EndProject
Project("{FAE04EC0-301F-11D3-BF4B-00C04F79EFBC}") = "JediTournamentEntities", "JediTournamentEntities\JediTournamentEntities.csproj", "{3872C52A-A982-4023-BAD5-DC6826F398EE}"
EndProject
Project("{FAE04EC0-301F-11D3-BF4B-00C04F79EFBC}") = "StubDataAccessLayer", "StubDataAccessLayer\StubDataAccessLayer.csproj", "{42FCC091-0D66-487D-B84E-9E74E22A458F}"
EndProject
Project("{FAE04EC0-301F-11D3-BF4B-00C04F79EFBC}") = "BusinessLayer", "BusinessLayer\BusinessLayer.csproj", "{E301A89B-220F-495D-8E3E-C0DBFF3F979F}"
EndProject
Project("{FAE04EC0-301F-11D3-BF4B-00C04F79EFBC}") = "JediTournamentWPF", "JediTournamentWPF\JediTournamentWPF.csproj", "{4EB46F69-0621-469C-BC2A-165CD10CE799}"
EndProject
Project("{FAE04EC0-301F-11D3-BF4B-00C04F79EFBC}") = "DataAccessLayer", "DataAccessLayer\DataAccessLayer.csproj", "{B558E9D6-8233-4F1B-ADFE-9A89E6C6932F}"
EndProject
Project("{FAE04EC0-301F-11D3-BF4B-00C04F79EFBC}") = "JediUnitTest", "JediUnitTest\JediUnitTest.csproj", "{F06B4B7D-E7C5-4AD0-8878-0CB4F9150751}"
EndProject
Project("{E24C65DC-7377-472B-9ABA-BC803B73C61A}") = "WebService", "..\..\Documents\Visual Studio 2015\WebSites\WebService\", "{45EDC2B5-C8E5-4FA5-869F-D83C193EB625}"
	ProjectSection(WebsiteProperties) = preProject
		TargetFrameworkMoniker = ".NETFramework,Version%3Dv4.5.2"
		Debug.AspNetCompiler.VirtualPath = "/localhost_65485"
		Debug.AspNetCompiler.PhysicalPath = "..\..\Documents\Visual Studio 2015\WebSites\WebService\"
		Debug.AspNetCompiler.TargetPath = "PrecompiledWeb\localhost_65485\"
		Debug.AspNetCompiler.Updateable = "true"
		Debug.AspNetCompiler.ForceOverwrite = "true"
		Debug.AspNetCompiler.FixedNames = "false"
		Debug.AspNetCompiler.Debug = "True"
		Release.AspNetCompiler.VirtualPath = "/localhost_65485"
		Release.AspNetCompiler.PhysicalPath = "..\..\Documents\Visual Studio 2015\WebSites\WebService\"
		Release.AspNetCompiler.TargetPath = "PrecompiledWeb\localhost_65485\"
		Release.AspNetCompiler.Updateable = "true"
		Release.AspNetCompiler.ForceOverwrite = "true"
		Release.AspNetCompiler.FixedNames = "false"
		Release.AspNetCompiler.Debug = "False"
		VWDPort = "65485"
		DefaultWebSiteLanguage = "Visual C#"
	EndProjectSection
EndProject
Global
	GlobalSection(SolutionConfigurationPlatforms) = preSolution
		Debug|Any CPU = Debug|Any CPU
		Release|Any CPU = Release|Any CPU
	EndGlobalSection
	GlobalSection(ProjectConfigurationPlatforms) = postSolution
		{6967C0FA-E8F9-4B41-8F0D-7E2CD808B4BE}.Debug|Any CPU.ActiveCfg = Debug|Any CPU
		{6967C0FA-E8F9-4B41-8F0D-7E2CD808B4BE}.Debug|Any CPU.Build.0 = Debug|Any CPU
		{6967C0FA-E8F9-4B41-8F0D-7E2CD808B4BE}.Release|Any CPU.ActiveCfg = Release|Any CPU
		{6967C0FA-E8F9-4B41-8F0D-7E2CD808B4BE}.Release|Any CPU.Build.0 = Release|Any CPU
		{3872C52A-A982-4023-BAD5-DC6826F398EE}.Debug|Any CPU.ActiveCfg = Debug|Any CPU
		{3872C52A-A982-4023-BAD5-DC6826F398EE}.Debug|Any CPU.Build.0 = Debug|Any CPU
		{3872C52A-A982-4023-BAD5-DC6826F398EE}.Release|Any CPU.ActiveCfg = Release|Any CPU
		{3872C52A-A982-4023-BAD5-DC6826F398EE}.Release|Any CPU.Build.0 = Release|Any CPU
		{42FCC091-0D66-487D-B84E-9E74E22A458F}.Debug|Any CPU.ActiveCfg = Debug|Any CPU
		{42FCC091-0D66-487D-B84E-9E74E22A458F}.Debug|Any CPU.Build.0 = Debug|Any CPU
		{42FCC091-0D66-487D-B84E-9E74E22A458F}.Release|Any CPU.ActiveCfg = Release|Any CPU
		{42FCC091-0D66-487D-B84E-9E74E22A458F}.Release|Any CPU.Build.0 = Release|Any CPU
		{E301A89B-220F-495D-8E3E-C0DBFF3F979F}.Debug|Any CPU.ActiveCfg = Debug|Any CPU
		{E301A89B-220F-495D-8E3E-C0DBFF3F979F}.Debug|Any CPU.Build.0 = Debug|Any CPU
		{E301A89B-220F-495D-8E3E-C0DBFF3F979F}.Release|Any CPU.ActiveCfg = Release|Any CPU
		{E301A89B-220F-495D-8E3E-C0DBFF3F979F}.Release|Any CPU.Build.0 = Release|Any CPU
		{4EB46F69-0621-469C-BC2A-165CD10CE799}.Debug|Any CPU.ActiveCfg = Debug|Any CPU
		{4EB46F69-0621-469C-BC2A-165CD10CE799}.Debug|Any CPU.Build.0 = Debug|Any CPU
		{4EB46F69-0621-469C-BC2A-165CD10CE799}.Release|Any CPU.ActiveCfg = Release|Any CPU
		{4EB46F69-0621-469C-BC2A-165CD10CE799}.Release|Any CPU.Build.0 = Release|Any CPU
		{B558E9D6-8233-4F1B-ADFE-9A89E6C6932F}.Debug|Any CPU.ActiveCfg = Debug|Any CPU
		{B558E9D6-8233-4F1B-ADFE-9A89E6C6932F}.Debug|Any CPU.Build.0 = Debug|Any CPU
		{B558E9D6-8233-4F1B-ADFE-9A89E6C6932F}.Release|Any CPU.ActiveCfg = Release|Any CPU
		{B558E9D6-8233-4F1B-ADFE-9A89E6C6932F}.Release|Any CPU.Build.0 = Release|Any CPU
		{F06B4B7D-E7C5-4AD0-8878-0CB4F9150751}.Debug|Any CPU.ActiveCfg = Debug|Any CPU
		{F06B4B7D-E7C5-4AD0-8878-0CB4F9150751}.Debug|Any CPU.Build.0 = Debug|Any CPU
		{F06B4B7D-E7C5-4AD0-8878-0CB4F9150751}.Release|Any CPU.ActiveCfg = Release|Any CPU
		{F06B4B7D-E7C5-4AD0-8878-0CB4F9150751}.Release|Any CPU.Build.0 = Release|Any CPU
		{45EDC2B5-C8E5-4FA5-869F-D83C193EB625}.Debug|Any CPU.ActiveCfg = Debug|Any CPU
		{45EDC2B5-C8E5-4FA5-869F-D83C193EB625}.Debug|Any CPU.Build.0 = Debug|Any CPU
		{45EDC2B5-C8E5-4FA5-869F-D83C193EB625}.Release|Any CPU.ActiveCfg = Debug|Any CPU
		{45EDC2B5-C8E5-4FA5-869F-D83C193EB625}.Release|Any CPU.Build.0 = Debug|Any CPU
	EndGlobalSection
	GlobalSection(SolutionProperties) = preSolution
		HideSolutionNode = FALSE
	EndGlobalSection
EndGlobal
